
Microsoft Visual Studio Solution File, Format Version 12.00
# Visual Studio Version 16
VisualStudioVersion = 16.0.30804.86
MinimumVisualStudioVersion = 10.0.40219.1
Project("{FAE04EC0-301F-11D3-BF4B-00C04F79EFBC}") = "PatrickLiu.CICD.Interfaces", "PatrickLiu.CICD.Interfaces\PatrickLiu.CICD.Interfaces.csproj", "{9B013A68-8C2B-46E5-87F3-A104B82ED6CD}"
EndProject
Project("{FAE04EC0-301F-11D3-BF4B-00C04F79EFBC}") = "PatrickLiu.CICD.Models", "PatrickLiu.CICD.Models\PatrickLiu.CICD.Models.csproj", "{567E4C25-5955-4849-B864-AD8ED0C475A3}"
EndProject
Project("{FAE04EC0-301F-11D3-BF4B-00C04F79EFBC}") = "PatrickLiu.CICD.Services", "PatrickLiu.CICD.Services\PatrickLiu.CICD.Services.csproj", "{95F10194-3329-4F14-9351-0081B7BC455B}"
EndProject
Project("{FAE04EC0-301F-11D3-BF4B-00C04F79EFBC}") = "PatrickLiu.CICD.Clients", "PatrickLiu.CICD.Clients\PatrickLiu.CICD.Clients.csproj", "{5FDDA197-AD37-453E-9DBD-CA2573853103}"
EndProject
Global
	GlobalSection(SolutionConfigurationPlatforms) = preSolution
		Debug|Any CPU = Debug|Any CPU
		Release|Any CPU = Release|Any CPU
	EndGlobalSection
	GlobalSection(ProjectConfigurationPlatforms) = postSolution
		{9B013A68-8C2B-46E5-87F3-A104B82ED6CD}.Debug|Any CPU.ActiveCfg = Debug|Any CPU
		{9B013A68-8C2B-46E5-87F3-A104B82ED6CD}.Debug|Any CPU.Build.0 = Debug|Any CPU
		{9B013A68-8C2B-46E5-87F3-A104B82ED6CD}.Release|Any CPU.ActiveCfg = Release|Any CPU
		{9B013A68-8C2B-46E5-87F3-A104B82ED6CD}.Release|Any CPU.Build.0 = Release|Any CPU
		{567E4C25-5955-4849-B864-AD8ED0C475A3}.Debug|Any CPU.ActiveCfg = Debug|Any CPU
		{567E4C25-5955-4849-B864-AD8ED0C475A3}.Debug|Any CPU.Build.0 = Debug|Any CPU
		{567E4C25-5955-4849-B864-AD8ED0C475A3}.Release|Any CPU.ActiveCfg = Release|Any CPU
		{567E4C25-5955-4849-B864-AD8ED0C475A3}.Release|Any CPU.Build.0 = Release|Any CPU
		{95F10194-3329-4F14-9351-0081B7BC455B}.Debug|Any CPU.ActiveCfg = Debug|Any CPU
		{95F10194-3329-4F14-9351-0081B7BC455B}.Debug|Any CPU.Build.0 = Debug|Any CPU
		{95F10194-3329-4F14-9351-0081B7BC455B}.Release|Any CPU.ActiveCfg = Release|Any CPU
		{95F10194-3329-4F14-9351-0081B7BC455B}.Release|Any CPU.Build.0 = Release|Any CPU
		{5FDDA197-AD37-453E-9DBD-CA2573853103}.Debug|Any CPU.ActiveCfg = Debug|Any CPU
		{5FDDA197-AD37-453E-9DBD-CA2573853103}.Debug|Any CPU.Build.0 = Debug|Any CPU
		{5FDDA197-AD37-453E-9DBD-CA2573853103}.Release|Any CPU.ActiveCfg = Release|Any CPU
		{5FDDA197-AD37-453E-9DBD-CA2573853103}.Release|Any CPU.Build.0 = Release|Any CPU
	EndGlobalSection
	GlobalSection(SolutionProperties) = preSolution
		HideSolutionNode = FALSE
	EndGlobalSection
	GlobalSection(ExtensibilityGlobals) = postSolution
		SolutionGuid = {C9293E86-F2E3-4C2B-A897-4210A1A85A88}
	EndGlobalSection
EndGlobal
